
Microsoft Visual Studio Solution File, Format Version 12.00
# Visual Studio Version 16
VisualStudioVersion = 16.0.34031.81
MinimumVisualStudioVersion = 10.0.40219.1
Project("{FAE04EC0-301F-11D3-BF4B-00C04F79EFBC}") = "PPTLS", "PPTLS\PPTLS.csproj", "{403D7FB6-82B9-46C3-AC34-20482349F119}"
EndProject
Global
	GlobalSection(SolutionConfigurationPlatforms) = preSolution
		Debug|Any CPU = Debug|Any CPU
		Release|Any CPU = Release|Any CPU
	EndGlobalSection
	GlobalSection(ProjectConfigurationPlatforms) = postSolution
		{403D7FB6-82B9-46C3-AC34-20482349F119}.Debug|Any CPU.ActiveCfg = Debug|Any CPU
		{403D7FB6-82B9-46C3-AC34-20482349F119}.Debug|Any CPU.Build.0 = Debug|Any CPU
		{403D7FB6-82B9-46C3-AC34-20482349F119}.Release|Any CPU.ActiveCfg = Release|Any CPU
		{403D7FB6-82B9-46C3-AC34-20482349F119}.Release|Any CPU.Build.0 = Release|Any CPU
	EndGlobalSection
	GlobalSection(SolutionProperties) = preSolution
		HideSolutionNode = FALSE
	EndGlobalSection
	GlobalSection(ExtensibilityGlobals) = postSolution
		SolutionGuid = {DDDC4339-F055-4397-9622-021B59C29C3B}
	EndGlobalSection
EndGlobal
